
Microsoft Visual Studio Solution File, Format Version 12.00
# Visual Studio Version 17
VisualStudioVersion = 17.8.34330.188
MinimumVisualStudioVersion = 10.0.40219.1
Project("{FAE04EC0-301F-11D3-BF4B-00C04F79EFBC}") = "Class", "Class\Class.csproj", "{DAE4E52F-5098-4E26-A45A-B217B9A53295}"
EndProject
Project("{FAE04EC0-301F-11D3-BF4B-00C04F79EFBC}") = "SpecFlowProjectAs1", "SpecFlowProjectAs1\SpecFlowProjectAs1.csproj", "{BC8280C3-1E0E-4EEA-B64A-4EEC4FF397FB}"
EndProject
Global
	GlobalSection(SolutionConfigurationPlatforms) = preSolution
		Debug|Any CPU = Debug|Any CPU
		Release|Any CPU = Release|Any CPU
	EndGlobalSection
	GlobalSection(ProjectConfigurationPlatforms) = postSolution
		{DAE4E52F-5098-4E26-A45A-B217B9A53295}.Debug|Any CPU.ActiveCfg = Debug|Any CPU
		{DAE4E52F-5098-4E26-A45A-B217B9A53295}.Debug|Any CPU.Build.0 = Debug|Any CPU
		{DAE4E52F-5098-4E26-A45A-B217B9A53295}.Release|Any CPU.ActiveCfg = Release|Any CPU
		{DAE4E52F-5098-4E26-A45A-B217B9A53295}.Release|Any CPU.Build.0 = Release|Any CPU
		{BC8280C3-1E0E-4EEA-B64A-4EEC4FF397FB}.Debug|Any CPU.ActiveCfg = Debug|Any CPU
		{BC8280C3-1E0E-4EEA-B64A-4EEC4FF397FB}.Debug|Any CPU.Build.0 = Debug|Any CPU
		{BC8280C3-1E0E-4EEA-B64A-4EEC4FF397FB}.Release|Any CPU.ActiveCfg = Release|Any CPU
		{BC8280C3-1E0E-4EEA-B64A-4EEC4FF397FB}.Release|Any CPU.Build.0 = Release|Any CPU
	EndGlobalSection
	GlobalSection(SolutionProperties) = preSolution
		HideSolutionNode = FALSE
	EndGlobalSection
	GlobalSection(ExtensibilityGlobals) = postSolution
		SolutionGuid = {FCDFA495-6F46-42F4-B208-59DB35806BBB}
	EndGlobalSection
EndGlobal
